// !$*UTF8*$!
{
	archiveVersion = 1;
	classes = {
	};
	objectVersion = 48;
	objects = {

/* Begin PBXBuildFile section */
		8408EDED204DA65D009FA188 /* AppDelegate.m in Sources */ = {isa = PBXBuildFile; fileRef = 8408EDEC204DA65D009FA188 /* AppDelegate.m */; };
		8408EDF0204DA65D009FA188 /* ViewController.m in Sources */ = {isa = PBXBuildFile; fileRef = 8408EDEF204DA65D009FA188 /* ViewController.m */; };
		8408EDF3204DA65D009FA188 /* Main.storyboard in Resources */ = {isa = PBXBuildFile; fileRef = 8408EDF1204DA65D009FA188 /* Main.storyboard */; };
		8408EDF5204DA65D009FA188 /* Assets.xcassets in Resources */ = {isa = PBXBuildFile; fileRef = 8408EDF4204DA65D009FA188 /* Assets.xcassets */; };
		8408EDF8204DA65D009FA188 /* LaunchScreen.storyboard in Resources */ = {isa = PBXBuildFile; fileRef = 8408EDF6204DA65D009FA188 /* LaunchScreen.storyboard */; };
		8408EDFB204DA65D009FA188 /* main.m in Sources */ = {isa = PBXBuildFile; fileRef = 8408EDFA204DA65D009FA188 /* main.m */; };
/* End PBXBuildFile section */

/* Begin PBXFileReference section */
		8408EDE8204DA65D009FA188 /* Lampa test.app */ = {isa = PBXFileReference; explicitFileType = wrapper.application; includeInIndex = 0; path = "Lampa test.app"; sourceTree = BUILT_PRODUCTS_DIR; };
		8408EDEB204DA65D009FA188 /* AppDelegate.h */ = {isa = PBXFileReference; lastKnownFileType = sourcecode.c.h; path = AppDelegate.h; sourceTree = "<group>"; };
		8408EDEC204DA65D009FA188 /* AppDelegate.m */ = {isa = PBXFileReference; lastKnownFileType = sourcecode.c.objc; path = AppDelegate.m; sourceTree = "<group>"; };
		8408EDEE204DA65D009FA188 /* ViewController.h */ = {isa = PBXFileReference; lastKnownFileType = sourcecode.c.h; path = ViewController.h; sourceTree = "<group>"; };
		8408EDEF204DA65D009FA188 /* ViewController.m */ = {isa = PBXFileReference; lastKnownFileType = sourcecode.c.objc; path = ViewController.m; sourceTree = "<group>"; };
		8408EDF2204DA65D009FA188 /* Base */ = {isa = PBXFileReference; lastKnownFileType = file.storyboard; name = Base; path = Base.lproj/Main.storyboard; sourceTree = "<group>"; };
		8408EDF4204DA65D009FA188 /* Assets.xcassets */ = {isa = PBXFileReference; lastKnownFileType = folder.assetcatalog; path = Assets.xcassets; sourceTree = "<group>"; };
		8408EDF7204DA65D009FA188 /* Base */ = {isa = PBXFileReference; lastKnownFileType = file.storyboard; name = Base; path = Base.lproj/LaunchScreen.storyboard; sourceTree = "<group>"; };
		8408EDF9204DA65D009FA188 /* Info.plist */ = {isa = PBXFileReference; lastKnownFileType = text.plist.xml; path = Info.plist; sourceTree = "<group>"; };
		8408EDFA204DA65D009FA188 /* main.m */ = {isa = PBXFileReference; lastKnownFileType = sourcecode.c.objc; path = main.m; sourceTree = "<group>"; };
/* End PBXFileReference section */

/* Begin PBXFrameworksBuildPhase section */
		8408EDE5204DA65D009FA188 /* Frameworks */ = {
			isa = PBXFrameworksBuildPhase;
			buildActionMask = 2147483647;
			files = (
			);
			runOnlyForDeploymentPostprocessing = 0;
		};
/* End PBXFrameworksBuildPhase section */

/* Begin PBXGroup section */
		8408EDDF204DA65D009FA188 = {
			isa = PBXGroup;
			children = (
				8408EDEA204DA65D009FA188 /* Lampa test */,
				8408EDE9204DA65D009FA188 /* Products */,
			);
			sourceTree = "<group>";
		};
		8408EDE9204DA65D009FA188 /* Products */ = {
			isa = PBXGroup;
			children = (
				8408EDE8204DA65D009FA188 /* Lampa test.app */,
			);
			name = Products;
			sourceTree = "<group>";
		};
		8408EDEA204DA65D009FA188 /* Lampa test */ = {
			isa = PBXGroup;
			children = (
				8408EDEB204DA65D009FA188 /* AppDelegate.h */,
				8408EDEC204DA65D009FA188 /* AppDelegate.m */,
				8408EDEE204DA65D009FA188 /* ViewController.h */,
				8408EDEF204DA65D009FA188 /* ViewController.m */,
				8408EDF1204DA65D009FA188 /* Main.storyboard */,
				8408EDF4204DA65D009FA188 /* Assets.xcassets */,
				8408EDF6204DA65D009FA188 /* LaunchScreen.storyboard */,
				8408EDF9204DA65D009FA188 /* Info.plist */,
				8408EDFA204DA65D009FA188 /* main.m */,
			);
			path = "Lampa test";
			sourceTree = "<group>";
		};
/* End PBXGroup section */

/* Begin PBXNativeTarget section */
		8408EDE7204DA65D009FA188 /* Lampa test */ = {
			isa = PBXNativeTarget;
			buildConfigurationList = 8408EDFE204DA65D009FA188 /* Build configuration list for PBXNativeTarget "Lampa test" */;
			buildPhases = (
				8408EDE4204DA65D009FA188 /* Sources */,
				8408EDE5204DA65D009FA188 /* Frameworks */,
				8408EDE6204DA65D009FA188 /* Resources */,
			);
			buildRules = (
			);
			dependencies = (
			);
			name = "Lampa test";
			productName = "Lampa test";
			productReference = 8408EDE8204DA65D009FA188 /* Lampa test.app */;
			productType = "com.apple.product-type.application";
		};
/* End PBXNativeTarget section */

/* Begin PBXProject section */
		8408EDE0204DA65D009FA188 /* Project object */ = {
			isa = PBXProject;
			attributes = {
				LastUpgradeCheck = 0920;
				ORGANIZATIONNAME = "Tsvigun Aleksander";
				TargetAttributes = {
					8408EDE7204DA65D009FA188 = {
						CreatedOnToolsVersion = 9.2;
						ProvisioningStyle = Automatic;
					};
				};
			};
			buildConfigurationList = 8408EDE3204DA65D009FA188 /* Build configuration list for PBXProject "Lampa test" */;
			compatibilityVersion = "Xcode 8.0";
			developmentRegion = en;
			hasScannedForEncodings = 0;
			knownRegions = (
				en,
				Base,
			);
			mainGroup = 8408EDDF204DA65D009FA188;
			productRefGroup = 8408EDE9204DA65D009FA188 /* Products */;
			projectDirPath = "";
			projectRoot = "";
			targets = (
				8408EDE7204DA65D009FA188 /* Lampa test */,
			);
		};
/* End PBXProject section */

/* Begin PBXResourcesBuildPhase section */
		8408EDE6204DA65D009FA188 /* Resources */ = {
			isa = PBXResourcesBuildPhase;
			buildActionMask = 2147483647;
			files = (
				8408EDF8204DA65D009FA188 /* LaunchScreen.storyboard in Resources */,
				8408EDF5204DA65D009FA188 /* Assets.xcassets in Resources */,
				8408EDF3204DA65D009FA188 /* Main.storyboard in Resources */,
			);
			runOnlyForDeploymentPostprocessing = 0;
		};
/* End PBXResourcesBuildPhase section */

/* Begin PBXSourcesBuildPhase section */
		8408EDE4204DA65D009FA188 /* Sources */ = {
			isa = PBXSourcesBuildPhase;
			buildActionMask = 2147483647;
			files = (
				8408EDF0204DA65D009FA188 /* ViewController.m in Sources */,
				8408EDFB204DA65D009FA188 /* main.m in Sources */,
				8408EDED204DA65D009FA188 /* AppDelegate.m in Sources */,
			);
			runOnlyForDeploymentPostprocessing = 0;
		};
/* End PBXSourcesBuildPhase section */

/* Begin PBXVariantGroup section */
		8408EDF1204DA65D009FA188 /* Main.storyboard */ = {
			isa = PBXVariantGroup;
			children = (
				8408EDF2204DA65D009FA188 /* Base */,
			);
			name = Main.storyboard;
			sourceTree = "<group>";
		};
		8408EDF6204DA65D009FA188 /* LaunchScreen.storyboard */ = {
			isa = PBXVariantGroup;
			children = (
				8408EDF7204DA65D009FA188 /* Base */,
			);
			name = LaunchScreen.storyboard;
			sourceTree = "<group>";
		};
/* End PBXVariantGroup section */

/* Begin XCBuildConfiguration section */
		8408EDFC204DA65D009FA188 /* Debug */ = {
			isa = XCBuildConfiguration;
			buildSettings = {
				ALWAYS_SEARCH_USER_PATHS = NO;
				CLANG_ANALYZER_NONNULL = YES;
				CLANG_ANALYZER_NUMBER_OBJECT_CONVERSION = YES_AGGRESSIVE;
				CLANG_CXX_LANGUAGE_STANDARD = "gnu++14";
				CLANG_CXX_LIBRARY = "libc++";
				CLANG_ENABLE_MODULES = YES;
				CLANG_ENABLE_OBJC_ARC = YES;
				CLANG_WARN_BLOCK_CAPTURE_AUTORELEASING = YES;
				CLANG_WARN_BOOL_CONVERSION = YES;
				CLANG_WARN_COMMA = YES;
				CLANG_WARN_CONSTANT_CONVERSION = YES;
				CLANG_WARN_DIRECT_OBJC_ISA_USAGE = YES_ERROR;
				CLANG_WARN_DOCUMENTATION_COMMENTS = YES;
				CLANG_WARN_EMPTY_BODY = YES;
				CLANG_WARN_ENUM_CONVERSION = YES;
				CLANG_WARN_INFINITE_RECURSION = YES;
				CLANG_WARN_INT_CONVERSION = YES;
				CLANG_WARN_NON_LITERAL_NULL_CONVERSION = YES;
				CLANG_WARN_OBJC_LITERAL_CONVERSION = YES;
				CLANG_WARN_OBJC_ROOT_CLASS = YES_ERROR;
				CLANG_WARN_RANGE_LOOP_ANALYSIS = YES;
				CLANG_WARN_STRICT_PROTOTYPES = YES;
				CLANG_WARN_SUSPICIOUS_MOVE = YES;
				CLANG_WARN_UNGUARDED_AVAILABILITY = YES_AGGRESSIVE;
				CLANG_WARN_UNREACHABLE_CODE = YES;
				CLANG_WARN__DUPLICATE_METHOD_MATCH = YES;
				CODE_SIGN_IDENTITY = "iPhone Developer";
				COPY_PHASE_STRIP = NO;
				DEBUG_INFORMATION_FORMAT = dwarf;
				ENABLE_STRICT_OBJC_MSGSEND = YES;
				ENABLE_TESTABILITY = YES;
				GCC_C_LANGUAGE_STANDARD = gnu11;
				GCC_DYNAMIC_NO_PIC = NO;
				GCC_NO_COMMON_BLOCKS = YES;
				GCC_OPTIMIZATION_LEVEL = 0;
				GCC_PREPROCESSOR_DEFINITIONS = (
					"DEBUG=1",
					"$(inherited)",
				);
				GCC_WARN_64_TO_32_BIT_CONVERSION = YES;
				GCC_WARN_ABOUT_RETURN_TYPE = YES_ERROR;
				GCC_WARN_UNDECLARED_SELECTOR = YES;
				GCC_WARN_UNINITIALIZED_AUTOS = YES_AGGRESSIVE;
				GCC_WARN_UNUSED_FUNCTION = YES;
				GCC_WARN_UNUSED_VARIABLE = YES;
				IPHONEOS_DEPLOYMENT_TARGET = 11.2;
				MTL_ENABLE_DEBUG_INFO = YES;
				ONLY_ACTIVE_ARCH = YES;
				SDKROOT = iphoneos;
			};
			name = Debug;
		};
		8408EDFD204DA65D009FA188 /* Release */ = {
			isa = XCBuildConfiguration;
			buildSettings = {
				ALWAYS_SEARCH_USER_PATHS = NO;
				CLANG_ANALYZER_NONNULL = YES;
				CLANG_ANALYZER_NUMBER_OBJECT_CONVERSION = YES_AGGRESSIVE;
				CLANG_CXX_LANGUAGE_STANDARD = "gnu++14";
				CLANG_CXX_LIBRARY = "libc++";
				CLANG_ENABLE_MODULES = YES;
				CLANG_ENABLE_OBJC_ARC = YES;
				CLANG_WARN_BLOCK_CAPTURE_AUTORELEASING = YES;
				CLANG_WARN_BOOL_CONVERSION = YES;
				CLANG_WARN_COMMA = YES;
				CLANG_WARN_CONSTANT_CONVERSION = YES;
				CLANG_WARN_DIRECT_OBJC_ISA_USAGE = YES_ERROR;
				CLANG_WARN_DOCUMENTATION_COMMENTS = YES;
				CLANG_WARN_EMPTY_BODY = YES;
				CLANG_WARN_ENUM_CONVERSION = YES;
				CLANG_WARN_INFINITE_RECURSION = YES;
				CLANG_WARN_INT_CONVERSION = YES;
				CLANG_WARN_NON_LITERAL_NULL_CONVERSION = YES;
				CLANG_WARN_OBJC_LITERAL_CONVERSION = YES;
				CLANG_WARN_OBJC_ROOT_CLASS = YES_ERROR;
				CLANG_WARN_RANGE_LOOP_ANALYSIS = YES;
				CLANG_WARN_STRICT_PROTOTYPES = YES;
				CLANG_WARN_SUSPICIOUS_MOVE = YES;
				CLANG_WARN_UNGUARDED_AVAILABILITY = YES_AGGRESSIVE;
				CLANG_WARN_UNREACHABLE_CODE = YES;
				CLANG_WARN__DUPLICATE_METHOD_MATCH = YES;
				CODE_SIGN_IDENTITY = "iPhone Developer";
				COPY_PHASE_STRIP = NO;
				DEBUG_INFORMATION_FORMAT = "dwarf-with-dsym";
				ENABLE_NS_ASSERTIONS = NO;
				ENABLE_STRICT_OBJC_MSGSEND = YES;
				GCC_C_LANGUAGE_STANDARD = gnu11;
				GCC_NO_COMMON_BLOCKS = YES;
				GCC_WARN_64_TO_32_BIT_CONVERSION = YES;
				GCC_WARN_ABOUT_RETURN_TYPE = YES_ERROR;
				GCC_WARN_UNDECLARED_SELECTOR = YES;
				GCC_WARN_UNINITIALIZED_AUTOS = YES_AGGRESSIVE;
				GCC_WARN_UNUSED_FUNCTION = YES;
				GCC_WARN_UNUSED_VARIABLE = YES;
				IPHONEOS_DEPLOYMENT_TARGET = 11.2;
				MTL_ENABLE_DEBUG_INFO = NO;
				SDKROOT = iphoneos;
				VALIDATE_PRODUCT = YES;
			};
			name = Release;
		};
		8408EDFF204DA65D009FA188 /* Debug */ = {
			isa = XCBuildConfiguration;
			buildSettings = {
				ASSETCATALOG_COMPILER_APPICON_NAME = AppIcon;
				CODE_SIGN_STYLE = Automatic;
				DEVELOPMENT_TEAM = 5D7GRV784H;
				INFOPLIST_FILE = "Lampa test/Info.plist";
				LD_RUNPATH_SEARCH_PATHS = "$(inherited) @executable_path/Frameworks";
				PRODUCT_BUNDLE_IDENTIFIER = "project.Lampa-test";
				PRODUCT_NAME = "$(TARGET_NAME)";
				TARGETED_DEVICE_FAMILY = "1,2";
			};
			name = Debug;
		};
		8408EE00204DA65D009FA188 /* Release */ = {
			isa = XCBuildConfiguration;
			buildSettings = {
				ASSETCATALOG_COMPILER_APPICON_NAME = AppIcon;
				CODE_SIGN_STYLE = Automatic;
				DEVELOPMENT_TEAM = 5D7GRV784H;
				INFOPLIST_FILE = "Lampa test/Info.plist";
				LD_RUNPATH_SEARCH_PATHS = "$(inherited) @executable_path/Frameworks";
				PRODUCT_BUNDLE_IDENTIFIER = "project.Lampa-test";
				PRODUCT_NAME = "$(TARGET_NAME)";
				TARGETED_DEVICE_FAMILY = "1,2";
			};
			name = Release;
		};
/* End XCBuildConfiguration section */

/* Begin XCConfigurationList section */
		8408EDE3204DA65D009FA188 /* Build configuration list for PBXProject "Lampa test" */ = {
			isa = XCConfigurationList;
			buildConfigurations = (
				8408EDFC204DA65D009FA188 /* Debug */,
				8408EDFD204DA65D009FA188 /* Release */,
			);
			defaultConfigurationIsVisible = 0;
			defaultConfigurationName = Release;
		};
		8408EDFE204DA65D009FA188 /* Build configuration list for PBXNativeTarget "Lampa test" */ = {
			isa = XCConfigurationList;
			buildConfigurations = (
				8408EDFF204DA65D009FA188 /* Debug */,
				8408EE00204DA65D009FA188 /* Release */,
			);
			defaultConfigurationIsVisible = 0;
			defaultConfigurationName = Release;
		};
/* End XCConfigurationList section */
	};
	rootObject = 8408EDE0204DA65D009FA188 /* Project object */;
}
